
Microsoft Visual Studio Solution File, Format Version 12.00
# Visual Studio Version 17
VisualStudioVersion = 17.10.35027.167
MinimumVisualStudioVersion = 10.0.40219.1
Project("{8BC9CEB8-8B4A-11D0-8D11-00A0C91BC942}") = "VulkanTest2", "VulkanTest2\VulkanTest2.vcxproj", "{3C4063B2-ECA0-43D1-BBC9-59E1880A8F20}"
EndProject
Global
	GlobalSection(SolutionConfigurationPlatforms) = preSolution
		Debug|x64 = Debug|x64
		Debug|x86 = Debug|x86
		Release|x64 = Release|x64
		Release|x86 = Release|x86
	EndGlobalSection
	GlobalSection(ProjectConfigurationPlatforms) = postSolution
		{3C4063B2-ECA0-43D1-BBC9-59E1880A8F20}.Debug|x64.ActiveCfg = Debug|x64
		{3C4063B2-ECA0-43D1-BBC9-59E1880A8F20}.Debug|x64.Build.0 = Debug|x64
		{3C4063B2-ECA0-43D1-BBC9-59E1880A8F20}.Debug|x86.ActiveCfg = Debug|Win32
		{3C4063B2-ECA0-43D1-BBC9-59E1880A8F20}.Debug|x86.Build.0 = Debug|Win32
		{3C4063B2-ECA0-43D1-BBC9-59E1880A8F20}.Release|x64.ActiveCfg = Release|x64
		{3C4063B2-ECA0-43D1-BBC9-59E1880A8F20}.Release|x64.Build.0 = Release|x64
		{3C4063B2-ECA0-43D1-BBC9-59E1880A8F20}.Release|x86.ActiveCfg = Release|Win32
		{3C4063B2-ECA0-43D1-BBC9-59E1880A8F20}.Release|x86.Build.0 = Release|Win32
	EndGlobalSection
	GlobalSection(SolutionProperties) = preSolution
		HideSolutionNode = FALSE
	EndGlobalSection
	GlobalSection(ExtensibilityGlobals) = postSolution
		SolutionGuid = {55C884A8-22AF-4F6B-BAD6-DD3B07CF0ED3}
	EndGlobalSection
EndGlobal
